
Microsoft Visual Studio Solution File, Format Version 12.00
# Visual Studio 15
VisualStudioVersion = 15.0.26124.0
MinimumVisualStudioVersion = 15.0.26124.0
Project("{FAE04EC0-301F-11D3-BF4B-00C04F79EFBC}") = "_1", "_1\_1.csproj", "{0D680495-069E-4F07-8EF0-3C81F94DD389}"
EndProject
Project("{FAE04EC0-301F-11D3-BF4B-00C04F79EFBC}") = "Helper", "Helper\Helper.csproj", "{5EF6B01D-37C6-4990-AFBB-E71A2E9F7058}"
EndProject
Project("{FAE04EC0-301F-11D3-BF4B-00C04F79EFBC}") = "_2", "_2\_2.csproj", "{17EB206A-76AB-470D-94F0-C046E1D6A79C}"
EndProject
Project("{FAE04EC0-301F-11D3-BF4B-00C04F79EFBC}") = "_3", "_3\_3.csproj", "{E41300A0-5E0B-4946-9645-71F92B3E31CF}"
EndProject
Global
	GlobalSection(SolutionConfigurationPlatforms) = preSolution
		Debug|Any CPU = Debug|Any CPU
		Debug|x64 = Debug|x64
		Debug|x86 = Debug|x86
		Release|Any CPU = Release|Any CPU
		Release|x64 = Release|x64
		Release|x86 = Release|x86
	EndGlobalSection
	GlobalSection(SolutionProperties) = preSolution
		HideSolutionNode = FALSE
	EndGlobalSection
	GlobalSection(ProjectConfigurationPlatforms) = postSolution
		{0D680495-069E-4F07-8EF0-3C81F94DD389}.Debug|Any CPU.ActiveCfg = Debug|Any CPU
		{0D680495-069E-4F07-8EF0-3C81F94DD389}.Debug|Any CPU.Build.0 = Debug|Any CPU
		{0D680495-069E-4F07-8EF0-3C81F94DD389}.Debug|x64.ActiveCfg = Debug|Any CPU
		{0D680495-069E-4F07-8EF0-3C81F94DD389}.Debug|x64.Build.0 = Debug|Any CPU
		{0D680495-069E-4F07-8EF0-3C81F94DD389}.Debug|x86.ActiveCfg = Debug|Any CPU
		{0D680495-069E-4F07-8EF0-3C81F94DD389}.Debug|x86.Build.0 = Debug|Any CPU
		{0D680495-069E-4F07-8EF0-3C81F94DD389}.Release|Any CPU.ActiveCfg = Release|Any CPU
		{0D680495-069E-4F07-8EF0-3C81F94DD389}.Release|Any CPU.Build.0 = Release|Any CPU
		{0D680495-069E-4F07-8EF0-3C81F94DD389}.Release|x64.ActiveCfg = Release|Any CPU
		{0D680495-069E-4F07-8EF0-3C81F94DD389}.Release|x64.Build.0 = Release|Any CPU
		{0D680495-069E-4F07-8EF0-3C81F94DD389}.Release|x86.ActiveCfg = Release|Any CPU
		{0D680495-069E-4F07-8EF0-3C81F94DD389}.Release|x86.Build.0 = Release|Any CPU
		{5EF6B01D-37C6-4990-AFBB-E71A2E9F7058}.Debug|Any CPU.ActiveCfg = Debug|Any CPU
		{5EF6B01D-37C6-4990-AFBB-E71A2E9F7058}.Debug|Any CPU.Build.0 = Debug|Any CPU
		{5EF6B01D-37C6-4990-AFBB-E71A2E9F7058}.Debug|x64.ActiveCfg = Debug|Any CPU
		{5EF6B01D-37C6-4990-AFBB-E71A2E9F7058}.Debug|x64.Build.0 = Debug|Any CPU
		{5EF6B01D-37C6-4990-AFBB-E71A2E9F7058}.Debug|x86.ActiveCfg = Debug|Any CPU
		{5EF6B01D-37C6-4990-AFBB-E71A2E9F7058}.Debug|x86.Build.0 = Debug|Any CPU
		{5EF6B01D-37C6-4990-AFBB-E71A2E9F7058}.Release|Any CPU.ActiveCfg = Release|Any CPU
		{5EF6B01D-37C6-4990-AFBB-E71A2E9F7058}.Release|Any CPU.Build.0 = Release|Any CPU
		{5EF6B01D-37C6-4990-AFBB-E71A2E9F7058}.Release|x64.ActiveCfg = Release|Any CPU
		{5EF6B01D-37C6-4990-AFBB-E71A2E9F7058}.Release|x64.Build.0 = Release|Any CPU
		{5EF6B01D-37C6-4990-AFBB-E71A2E9F7058}.Release|x86.ActiveCfg = Release|Any CPU
		{5EF6B01D-37C6-4990-AFBB-E71A2E9F7058}.Release|x86.Build.0 = Release|Any CPU
		{17EB206A-76AB-470D-94F0-C046E1D6A79C}.Debug|Any CPU.ActiveCfg = Debug|Any CPU
		{17EB206A-76AB-470D-94F0-C046E1D6A79C}.Debug|Any CPU.Build.0 = Debug|Any CPU
		{17EB206A-76AB-470D-94F0-C046E1D6A79C}.Debug|x64.ActiveCfg = Debug|Any CPU
		{17EB206A-76AB-470D-94F0-C046E1D6A79C}.Debug|x64.Build.0 = Debug|Any CPU
		{17EB206A-76AB-470D-94F0-C046E1D6A79C}.Debug|x86.ActiveCfg = Debug|Any CPU
		{17EB206A-76AB-470D-94F0-C046E1D6A79C}.Debug|x86.Build.0 = Debug|Any CPU
		{17EB206A-76AB-470D-94F0-C046E1D6A79C}.Release|Any CPU.ActiveCfg = Release|Any CPU
		{17EB206A-76AB-470D-94F0-C046E1D6A79C}.Release|Any CPU.Build.0 = Release|Any CPU
		{17EB206A-76AB-470D-94F0-C046E1D6A79C}.Release|x64.ActiveCfg = Release|Any CPU
		{17EB206A-76AB-470D-94F0-C046E1D6A79C}.Release|x64.Build.0 = Release|Any CPU
		{17EB206A-76AB-470D-94F0-C046E1D6A79C}.Release|x86.ActiveCfg = Release|Any CPU
		{17EB206A-76AB-470D-94F0-C046E1D6A79C}.Release|x86.Build.0 = Release|Any CPU
		{E41300A0-5E0B-4946-9645-71F92B3E31CF}.Debug|Any CPU.ActiveCfg = Debug|Any CPU
		{E41300A0-5E0B-4946-9645-71F92B3E31CF}.Debug|Any CPU.Build.0 = Debug|Any CPU
		{E41300A0-5E0B-4946-9645-71F92B3E31CF}.Debug|x64.ActiveCfg = Debug|Any CPU
		{E41300A0-5E0B-4946-9645-71F92B3E31CF}.Debug|x64.Build.0 = Debug|Any CPU
		{E41300A0-5E0B-4946-9645-71F92B3E31CF}.Debug|x86.ActiveCfg = Debug|Any CPU
		{E41300A0-5E0B-4946-9645-71F92B3E31CF}.Debug|x86.Build.0 = Debug|Any CPU
		{E41300A0-5E0B-4946-9645-71F92B3E31CF}.Release|Any CPU.ActiveCfg = Release|Any CPU
		{E41300A0-5E0B-4946-9645-71F92B3E31CF}.Release|Any CPU.Build.0 = Release|Any CPU
		{E41300A0-5E0B-4946-9645-71F92B3E31CF}.Release|x64.ActiveCfg = Release|Any CPU
		{E41300A0-5E0B-4946-9645-71F92B3E31CF}.Release|x64.Build.0 = Release|Any CPU
		{E41300A0-5E0B-4946-9645-71F92B3E31CF}.Release|x86.ActiveCfg = Release|Any CPU
		{E41300A0-5E0B-4946-9645-71F92B3E31CF}.Release|x86.Build.0 = Release|Any CPU
	EndGlobalSection
EndGlobal
